// !$*UTF8*$!
{
	archiveVersion = 1;
	classes = {
	};
	objectVersion = 50;
	objects = {

/* Begin PBXBuildFile section */
		8C55671021F5D73A0067AA50 /* MedalView.swift in Sources */ = {isa = PBXBuildFile; fileRef = 8C55670F21F5D73A0067AA50 /* MedalView.swift */; };
		8C832E5521F17EBE002E99B2 /* AppDelegate.swift in Sources */ = {isa = PBXBuildFile; fileRef = 8C832E5421F17EBE002E99B2 /* AppDelegate.swift */; };
		8C832E6A21F17EBF002E99B2 /* ZanizimoTests.swift in Sources */ = {isa = PBXBuildFile; fileRef = 8C832E6921F17EBF002E99B2 /* ZanizimoTests.swift */; };
		8C832E7521F17EBF002E99B2 /* ZanizimoUITests.swift in Sources */ = {isa = PBXBuildFile; fileRef = 8C832E7421F17EBF002E99B2 /* ZanizimoUITests.swift */; };
		8C832E8321F18154002E99B2 /* ZanizimoTabBarController.swift in Sources */ = {isa = PBXBuildFile; fileRef = 8C832E8221F18154002E99B2 /* ZanizimoTabBarController.swift */; };
		8C832E8521F18334002E99B2 /* CalendarViewController.swift in Sources */ = {isa = PBXBuildFile; fileRef = 8C832E8421F18334002E99B2 /* CalendarViewController.swift */; };
		8C832E8721F18343002E99B2 /* TabTwoViewController.swift in Sources */ = {isa = PBXBuildFile; fileRef = 8C832E8621F18343002E99B2 /* TabTwoViewController.swift */; };
		8C832E8921F18721002E99B2 /* TrophiesViewController.swift in Sources */ = {isa = PBXBuildFile; fileRef = 8C832E8821F18721002E99B2 /* TrophiesViewController.swift */; };
		8C832E8B21F18752002E99B2 /* TabFourViewController.swift in Sources */ = {isa = PBXBuildFile; fileRef = 8C832E8A21F18752002E99B2 /* TabFourViewController.swift */; };
		8C8562F321FD4D6C0077803E /* Launch Screen.storyboard in Resources */ = {isa = PBXBuildFile; fileRef = 8C8562F221FD4D6C0077803E /* Launch Screen.storyboard */; };
		8C8562F921FD54C90077803E /* ODHG1L1.png in Resources */ = {isa = PBXBuildFile; fileRef = 8C8562F821FD54C90077803E /* ODHG1L1.png */; };
		8C8562FE21FD61C50077803E /* UIImage+PixelBuffer.swift in Sources */ = {isa = PBXBuildFile; fileRef = 8C8562FD21FD61C50077803E /* UIImage+PixelBuffer.swift */; };
		8C85630321FD644D0077803E /* food.mlmodel in Sources */ = {isa = PBXBuildFile; fileRef = 8C85630221FD644D0077803E /* food.mlmodel */; };
		8C85630521FD65380077803E /* ContentView.swift in Sources */ = {isa = PBXBuildFile; fileRef = 8C85630421FD65380077803E /* ContentView.swift */; };
		8C85630721FD65C50077803E /* DayButton.swift in Sources */ = {isa = PBXBuildFile; fileRef = 8C85630621FD65C50077803E /* DayButton.swift */; };
		8C85630921FD664E0077803E /* DetailMenuview.swift in Sources */ = {isa = PBXBuildFile; fileRef = 8C85630821FD664E0077803E /* DetailMenuview.swift */; };
		8C85630C21FD66AB0077803E /* DetailMenuviewDelegate.swift in Sources */ = {isa = PBXBuildFile; fileRef = 8C85630B21FD66AB0077803E /* DetailMenuviewDelegate.swift */; };
		8C85630E21FD699B0077803E /* UIImageView+Rounded.swift in Sources */ = {isa = PBXBuildFile; fileRef = 8C85630D21FD699B0077803E /* UIImageView+Rounded.swift */; };
		8C85631021FD6AE60077803E /* DetailMenuViewController.swift in Sources */ = {isa = PBXBuildFile; fileRef = 8C85630F21FD6AE60077803E /* DetailMenuViewController.swift */; };
		8C85631221FE3E360077803E /* String+CapitalizingFirstLetter.swift in Sources */ = {isa = PBXBuildFile; fileRef = 8C85631121FE3E360077803E /* String+CapitalizingFirstLetter.swift */; };
		8C85631521FE427C0077803E /* FoodValidator.swift in Sources */ = {isa = PBXBuildFile; fileRef = 8C85631421FE427C0077803E /* FoodValidator.swift */; };
		8C85631821FE4E050077803E /* TableSection.swift in Sources */ = {isa = PBXBuildFile; fileRef = 8C85631721FE4E050077803E /* TableSection.swift */; };
		8C85631A21FE55E60077803E /* Date+Helpers.swift in Sources */ = {isa = PBXBuildFile; fileRef = 8C85631921FE55E60077803E /* Date+Helpers.swift */; };
		8CC9FDEA21FEB40300D4620C /* Assets.xcassets in Resources */ = {isa = PBXBuildFile; fileRef = 8CC9FDE921FEB40300D4620C /* Assets.xcassets */; };
		8CC9FDFC21FED9B100D4620C /* Main.storyboard in Resources */ = {isa = PBXBuildFile; fileRef = 8CC9FDFB21FED9B100D4620C /* Main.storyboard */; };
		8CC9FDFE21FEDA1800D4620C /* OnboardingViewController.swift in Sources */ = {isa = PBXBuildFile; fileRef = 8CC9FDFD21FEDA1800D4620C /* OnboardingViewController.swift */; };
		8CC9FE0021FEDB0100D4620C /* FormViewController.swift in Sources */ = {isa = PBXBuildFile; fileRef = 8CC9FDFF21FEDB0100D4620C /* FormViewController.swift */; };
		8CC9FE0A21FEDC5C00D4620C /* SlideModel.swift in Sources */ = {isa = PBXBuildFile; fileRef = 8CC9FE0921FEDC5C00D4620C /* SlideModel.swift */; };
		8CC9FE0C21FEDC8E00D4620C /* Slide.swift in Sources */ = {isa = PBXBuildFile; fileRef = 8CC9FE0B21FEDC8E00D4620C /* Slide.swift */; };
		8CC9FE0E21FEDCA700D4620C /* Slide.xib in Resources */ = {isa = PBXBuildFile; fileRef = 8CC9FE0D21FEDCA700D4620C /* Slide.xib */; };
/* End PBXBuildFile section */

/* Begin PBXContainerItemProxy section */
		8C832E6621F17EBF002E99B2 /* PBXContainerItemProxy */ = {
			isa = PBXContainerItemProxy;
			containerPortal = 8C832E4921F17EBE002E99B2 /* Project object */;
			proxyType = 1;
			remoteGlobalIDString = 8C832E5021F17EBE002E99B2;
			remoteInfo = Zanizimo;
		};
		8C832E7121F17EBF002E99B2 /* PBXContainerItemProxy */ = {
			isa = PBXContainerItemProxy;
			containerPortal = 8C832E4921F17EBE002E99B2 /* Project object */;
			proxyType = 1;
			remoteGlobalIDString = 8C832E5021F17EBE002E99B2;
			remoteInfo = Zanizimo;
		};
/* End PBXContainerItemProxy section */

/* Begin PBXFileReference section */
		8C55670F21F5D73A0067AA50 /* MedalView.swift */ = {isa = PBXFileReference; lastKnownFileType = sourcecode.swift; path = MedalView.swift; sourceTree = "<group>"; };
		8C832E5121F17EBE002E99B2 /* Zanizimo.app */ = {isa = PBXFileReference; explicitFileType = wrapper.application; includeInIndex = 0; path = Zanizimo.app; sourceTree = BUILT_PRODUCTS_DIR; };
		8C832E5421F17EBE002E99B2 /* AppDelegate.swift */ = {isa = PBXFileReference; lastKnownFileType = sourcecode.swift; path = AppDelegate.swift; sourceTree = "<group>"; };
		8C832E6021F17EBF002E99B2 /* Info.plist */ = {isa = PBXFileReference; lastKnownFileType = text.plist.xml; path = Info.plist; sourceTree = "<group>"; };
		8C832E6521F17EBF002E99B2 /* ZanizimoTests.xctest */ = {isa = PBXFileReference; explicitFileType = wrapper.cfbundle; includeInIndex = 0; path = ZanizimoTests.xctest; sourceTree = BUILT_PRODUCTS_DIR; };
		8C832E6921F17EBF002E99B2 /* ZanizimoTests.swift */ = {isa = PBXFileReference; lastKnownFileType = sourcecode.swift; path = ZanizimoTests.swift; sourceTree = "<group>"; };
		8C832E6B21F17EBF002E99B2 /* Info.plist */ = {isa = PBXFileReference; lastKnownFileType = text.plist.xml; path = Info.plist; sourceTree = "<group>"; };
		8C832E7021F17EBF002E99B2 /* ZanizimoUITests.xctest */ = {isa = PBXFileReference; explicitFileType = wrapper.cfbundle; includeInIndex = 0; path = ZanizimoUITests.xctest; sourceTree = BUILT_PRODUCTS_DIR; };
		8C832E7421F17EBF002E99B2 /* ZanizimoUITests.swift */ = {isa = PBXFileReference; lastKnownFileType = sourcecode.swift; path = ZanizimoUITests.swift; sourceTree = "<group>"; };
		8C832E7621F17EBF002E99B2 /* Info.plist */ = {isa = PBXFileReference; lastKnownFileType = text.plist.xml; path = Info.plist; sourceTree = "<group>"; };
		8C832E8221F18154002E99B2 /* ZanizimoTabBarController.swift */ = {isa = PBXFileReference; lastKnownFileType = sourcecode.swift; path = ZanizimoTabBarController.swift; sourceTree = "<group>"; };
		8C832E8421F18334002E99B2 /* CalendarViewController.swift */ = {isa = PBXFileReference; lastKnownFileType = sourcecode.swift; path = CalendarViewController.swift; sourceTree = "<group>"; };
		8C832E8621F18343002E99B2 /* TabTwoViewController.swift */ = {isa = PBXFileReference; lastKnownFileType = sourcecode.swift; path = TabTwoViewController.swift; sourceTree = "<group>"; };
		8C832E8821F18721002E99B2 /* TrophiesViewController.swift */ = {isa = PBXFileReference; lastKnownFileType = sourcecode.swift; path = TrophiesViewController.swift; sourceTree = "<group>"; };
		8C832E8A21F18752002E99B2 /* TabFourViewController.swift */ = {isa = PBXFileReference; lastKnownFileType = sourcecode.swift; path = TabFourViewController.swift; sourceTree = "<group>"; };
		8C8562F221FD4D6C0077803E /* Launch Screen.storyboard */ = {isa = PBXFileReference; lastKnownFileType = file.storyboard; path = "Launch Screen.storyboard"; sourceTree = "<group>"; };
		8C8562F821FD54C90077803E /* ODHG1L1.png */ = {isa = PBXFileReference; lastKnownFileType = image.png; path = ODHG1L1.png; sourceTree = "<group>"; };
		8C8562FD21FD61C50077803E /* UIImage+PixelBuffer.swift */ = {isa = PBXFileReference; lastKnownFileType = sourcecode.swift; path = "UIImage+PixelBuffer.swift"; sourceTree = "<group>"; };
		8C85630221FD644D0077803E /* food.mlmodel */ = {isa = PBXFileReference; lastKnownFileType = file.mlmodel; name = food.mlmodel; path = "../../../../../../Downloads/EnumTableViewTutorial-master/EnumTableViewTutorial/food.mlmodel"; sourceTree = "<group>"; };
		8C85630421FD65380077803E /* ContentView.swift */ = {isa = PBXFileReference; lastKnownFileType = sourcecode.swift; path = ContentView.swift; sourceTree = "<group>"; };
		8C85630621FD65C50077803E /* DayButton.swift */ = {isa = PBXFileReference; lastKnownFileType = sourcecode.swift; path = DayButton.swift; sourceTree = "<group>"; };
		8C85630821FD664E0077803E /* DetailMenuview.swift */ = {isa = PBXFileReference; lastKnownFileType = sourcecode.swift; path = DetailMenuview.swift; sourceTree = "<group>"; };
		8C85630B21FD66AB0077803E /* DetailMenuviewDelegate.swift */ = {isa = PBXFileReference; lastKnownFileType = sourcecode.swift; path = DetailMenuviewDelegate.swift; sourceTree = "<group>"; };
		8C85630D21FD699B0077803E /* UIImageView+Rounded.swift */ = {isa = PBXFileReference; lastKnownFileType = sourcecode.swift; path = "UIImageView+Rounded.swift"; sourceTree = "<group>"; };
		8C85630F21FD6AE60077803E /* DetailMenuViewController.swift */ = {isa = PBXFileReference; lastKnownFileType = sourcecode.swift; path = DetailMenuViewController.swift; sourceTree = "<group>"; };
		8C85631121FE3E360077803E /* String+CapitalizingFirstLetter.swift */ = {isa = PBXFileReference; lastKnownFileType = sourcecode.swift; path = "String+CapitalizingFirstLetter.swift"; sourceTree = "<group>"; };
		8C85631421FE427C0077803E /* FoodValidator.swift */ = {isa = PBXFileReference; lastKnownFileType = sourcecode.swift; path = FoodValidator.swift; sourceTree = "<group>"; };
		8C85631721FE4E050077803E /* TableSection.swift */ = {isa = PBXFileReference; lastKnownFileType = sourcecode.swift; path = TableSection.swift; sourceTree = "<group>"; };
		8C85631921FE55E60077803E /* Date+Helpers.swift */ = {isa = PBXFileReference; lastKnownFileType = sourcecode.swift; path = "Date+Helpers.swift"; sourceTree = "<group>"; };
		8CC9FDE921FEB40300D4620C /* Assets.xcassets */ = {isa = PBXFileReference; lastKnownFileType = folder.assetcatalog; path = Assets.xcassets; sourceTree = "<group>"; };
		8CC9FDFB21FED9B100D4620C /* Main.storyboard */ = {isa = PBXFileReference; fileEncoding = 4; lastKnownFileType = file.storyboard; path = Main.storyboard; sourceTree = "<group>"; };
		8CC9FDFD21FEDA1800D4620C /* OnboardingViewController.swift */ = {isa = PBXFileReference; lastKnownFileType = sourcecode.swift; path = OnboardingViewController.swift; sourceTree = "<group>"; };
		8CC9FDFF21FEDB0100D4620C /* FormViewController.swift */ = {isa = PBXFileReference; lastKnownFileType = sourcecode.swift; path = FormViewController.swift; sourceTree = "<group>"; };
		8CC9FE0421FEDBFE00D4620C /* montserrat_regular.otf */ = {isa = PBXFileReference; lastKnownFileType = file; path = montserrat_regular.otf; sourceTree = "<group>"; };
		8CC9FE0521FEDBFE00D4620C /* montserrat_bold.otf */ = {isa = PBXFileReference; lastKnownFileType = file; path = montserrat_bold.otf; sourceTree = "<group>"; };
		8CC9FE0621FEDBFF00D4620C /* montserrat_medium.otf */ = {isa = PBXFileReference; lastKnownFileType = file; path = montserrat_medium.otf; sourceTree = "<group>"; };
		8CC9FE0721FEDBFF00D4620C /* montserrat_light.otf */ = {isa = PBXFileReference; lastKnownFileType = file; path = montserrat_light.otf; sourceTree = "<group>"; };
		8CC9FE0921FEDC5C00D4620C /* SlideModel.swift */ = {isa = PBXFileReference; lastKnownFileType = sourcecode.swift; path = SlideModel.swift; sourceTree = "<group>"; };
		8CC9FE0B21FEDC8E00D4620C /* Slide.swift */ = {isa = PBXFileReference; lastKnownFileType = sourcecode.swift; path = Slide.swift; sourceTree = "<group>"; };
		8CC9FE0D21FEDCA700D4620C /* Slide.xib */ = {isa = PBXFileReference; fileEncoding = 4; lastKnownFileType = file.xib; path = Slide.xib; sourceTree = "<group>"; };
/* End PBXFileReference section */

/* Begin PBXFrameworksBuildPhase section */
		8C832E4E21F17EBE002E99B2 /* Frameworks */ = {
			isa = PBXFrameworksBuildPhase;
			buildActionMask = 2147483647;
			files = (
			);
			runOnlyForDeploymentPostprocessing = 0;
		};
		8C832E6221F17EBF002E99B2 /* Frameworks */ = {
			isa = PBXFrameworksBuildPhase;
			buildActionMask = 2147483647;
			files = (
			);
			runOnlyForDeploymentPostprocessing = 0;
		};
		8C832E6D21F17EBF002E99B2 /* Frameworks */ = {
			isa = PBXFrameworksBuildPhase;
			buildActionMask = 2147483647;
			files = (
			);
			runOnlyForDeploymentPostprocessing = 0;
		};
/* End PBXFrameworksBuildPhase section */

/* Begin PBXGroup section */
		8C832E4821F17EBE002E99B2 = {
			isa = PBXGroup;
			children = (
				8C832E5321F17EBE002E99B2 /* Zanizimo */,
				8C832E6821F17EBF002E99B2 /* ZanizimoTests */,
				8C832E7321F17EBF002E99B2 /* ZanizimoUITests */,
				8C832E5221F17EBE002E99B2 /* Products */,
			);
			sourceTree = "<group>";
		};
		8C832E5221F17EBE002E99B2 /* Products */ = {
			isa = PBXGroup;
			children = (
				8C832E5121F17EBE002E99B2 /* Zanizimo.app */,
				8C832E6521F17EBF002E99B2 /* ZanizimoTests.xctest */,
				8C832E7021F17EBF002E99B2 /* ZanizimoUITests.xctest */,
			);
			name = Products;
			sourceTree = "<group>";
		};
		8C832E5321F17EBE002E99B2 /* Zanizimo */ = {
			isa = PBXGroup;
			children = (
				8CC9FE0821FEDC4000D4620C /* ViewModels */,
				8CC9FE0321FEDBF000D4620C /* Fonts */,
				8C832E5421F17EBE002E99B2 /* AppDelegate.swift */,
				8C832E6021F17EBF002E99B2 /* Info.plist */,
				8CC9FDE921FEB40300D4620C /* Assets.xcassets */,
				8C85630A21FD66840077803E /* Protocols */,
				8C85630121FD641C0077803E /* CoreMLModel */,
				8C8562FA21FD60380077803E /* Images */,
				8C8562FB21FD605D0077803E /* Views */,
				8C85631321FE42270077803E /* Helpers */,
				8C85631621FE4DE00077803E /* Enums */,
				8C8562FC21FD619F0077803E /* Extensions */,
			);
			path = Zanizimo;
			sourceTree = "<group>";
		};
		8C832E6821F17EBF002E99B2 /* ZanizimoTests */ = {
			isa = PBXGroup;
			children = (
				8C832E6921F17EBF002E99B2 /* ZanizimoTests.swift */,
				8C832E6B21F17EBF002E99B2 /* Info.plist */,
			);
			path = ZanizimoTests;
			sourceTree = "<group>";
		};
		8C832E7321F17EBF002E99B2 /* ZanizimoUITests */ = {
			isa = PBXGroup;
			children = (
				8C832E7421F17EBF002E99B2 /* ZanizimoUITests.swift */,
				8C832E7621F17EBF002E99B2 /* Info.plist */,
			);
			path = ZanizimoUITests;
			sourceTree = "<group>";
		};
		8C8562FA21FD60380077803E /* Images */ = {
			isa = PBXGroup;
			children = (
				8C8562F821FD54C90077803E /* ODHG1L1.png */,
			);
			path = Images;
			sourceTree = "<group>";
		};
		8C8562FB21FD605D0077803E /* Views */ = {
			isa = PBXGroup;
			children = (
				8C8562F221FD4D6C0077803E /* Launch Screen.storyboard */,
				8CC9FDFB21FED9B100D4620C /* Main.storyboard */,
				8CC9FDFD21FEDA1800D4620C /* OnboardingViewController.swift */,
				8CC9FDFF21FEDB0100D4620C /* FormViewController.swift */,
				8C832E8221F18154002E99B2 /* ZanizimoTabBarController.swift */,
				8C832E8421F18334002E99B2 /* CalendarViewController.swift */,
				8C832E8621F18343002E99B2 /* TabTwoViewController.swift */,
				8C832E8821F18721002E99B2 /* TrophiesViewController.swift */,
				8C832E8A21F18752002E99B2 /* TabFourViewController.swift */,
				8C55670F21F5D73A0067AA50 /* MedalView.swift */,
				8C85630421FD65380077803E /* ContentView.swift */,
				8C85630621FD65C50077803E /* DayButton.swift */,
				8C85630821FD664E0077803E /* DetailMenuview.swift */,
				8C85630F21FD6AE60077803E /* DetailMenuViewController.swift */,
				8CC9FE0D21FEDCA700D4620C /* Slide.xib */,
				8CC9FE0B21FEDC8E00D4620C /* Slide.swift */,
			);
			path = Views;
			sourceTree = "<group>";
		};
		8C8562FC21FD619F0077803E /* Extensions */ = {
			isa = PBXGroup;
			children = (
				8C8562FD21FD61C50077803E /* UIImage+PixelBuffer.swift */,
				8C85630D21FD699B0077803E /* UIImageView+Rounded.swift */,
				8C85631121FE3E360077803E /* String+CapitalizingFirstLetter.swift */,
				8C85631921FE55E60077803E /* Date+Helpers.swift */,
			);
			path = Extensions;
			sourceTree = "<group>";
		};
		8C85630121FD641C0077803E /* CoreMLModel */ = {
			isa = PBXGroup;
			children = (
				8C85630221FD644D0077803E /* food.mlmodel */,
			);
			path = CoreMLModel;
			sourceTree = "<group>";
		};
		8C85630A21FD66840077803E /* Protocols */ = {
			isa = PBXGroup;
			children = (
				8C85630B21FD66AB0077803E /* DetailMenuviewDelegate.swift */,
			);
			path = Protocols;
			sourceTree = "<group>";
		};
		8C85631321FE42270077803E /* Helpers */ = {
			isa = PBXGroup;
			children = (
				8C85631421FE427C0077803E /* FoodValidator.swift */,
			);
			path = Helpers;
			sourceTree = "<group>";
		};
		8C85631621FE4DE00077803E /* Enums */ = {
			isa = PBXGroup;
			children = (
				8C85631721FE4E050077803E /* TableSection.swift */,
			);
			path = Enums;
			sourceTree = "<group>";
		};
		8CC9FE0321FEDBF000D4620C /* Fonts */ = {
			isa = PBXGroup;
			children = (
				8CC9FE0521FEDBFE00D4620C /* montserrat_bold.otf */,
				8CC9FE0721FEDBFF00D4620C /* montserrat_light.otf */,
				8CC9FE0621FEDBFF00D4620C /* montserrat_medium.otf */,
				8CC9FE0421FEDBFE00D4620C /* montserrat_regular.otf */,
			);
			path = Fonts;
			sourceTree = "<group>";
		};
		8CC9FE0821FEDC4000D4620C /* ViewModels */ = {
			isa = PBXGroup;
			children = (
				8CC9FE0921FEDC5C00D4620C /* SlideModel.swift */,
			);
			path = ViewModels;
			sourceTree = "<group>";
		};
/* End PBXGroup section */

/* Begin PBXNativeTarget section */
		8C832E5021F17EBE002E99B2 /* Zanizimo */ = {
			isa = PBXNativeTarget;
			buildConfigurationList = 8C832E7921F17EBF002E99B2 /* Build configuration list for PBXNativeTarget "Zanizimo" */;
			buildPhases = (
				8C832E4D21F17EBE002E99B2 /* Sources */,
				8C832E4E21F17EBE002E99B2 /* Frameworks */,
				8C832E4F21F17EBE002E99B2 /* Resources */,
			);
			buildRules = (
			);
			dependencies = (
			);
			name = Zanizimo;
			productName = Zanizimo;
			productReference = 8C832E5121F17EBE002E99B2 /* Zanizimo.app */;
			productType = "com.apple.product-type.application";
		};
		8C832E6421F17EBF002E99B2 /* ZanizimoTests */ = {
			isa = PBXNativeTarget;
			buildConfigurationList = 8C832E7C21F17EBF002E99B2 /* Build configuration list for PBXNativeTarget "ZanizimoTests" */;
			buildPhases = (
				8C832E6121F17EBF002E99B2 /* Sources */,
				8C832E6221F17EBF002E99B2 /* Frameworks */,
				8C832E6321F17EBF002E99B2 /* Resources */,
			);
			buildRules = (
			);
			dependencies = (
				8C832E6721F17EBF002E99B2 /* PBXTargetDependency */,
			);
			name = ZanizimoTests;
			productName = ZanizimoTests;
			productReference = 8C832E6521F17EBF002E99B2 /* ZanizimoTests.xctest */;
			productType = "com.apple.product-type.bundle.unit-test";
		};
		8C832E6F21F17EBF002E99B2 /* ZanizimoUITests */ = {
			isa = PBXNativeTarget;
			buildConfigurationList = 8C832E7F21F17EBF002E99B2 /* Build configuration list for PBXNativeTarget "ZanizimoUITests" */;
			buildPhases = (
				8C832E6C21F17EBF002E99B2 /* Sources */,
				8C832E6D21F17EBF002E99B2 /* Frameworks */,
				8C832E6E21F17EBF002E99B2 /* Resources */,
			);
			buildRules = (
			);
			dependencies = (
				8C832E7221F17EBF002E99B2 /* PBXTargetDependency */,
			);
			name = ZanizimoUITests;
			productName = ZanizimoUITests;
			productReference = 8C832E7021F17EBF002E99B2 /* ZanizimoUITests.xctest */;
			productType = "com.apple.product-type.bundle.ui-testing";
		};
/* End PBXNativeTarget section */

/* Begin PBXProject section */
		8C832E4921F17EBE002E99B2 /* Project object */ = {
			isa = PBXProject;
			attributes = {
				LastSwiftUpdateCheck = 1010;
				LastUpgradeCheck = 1010;
				ORGANIZATIONNAME = "Ricardo Yepez";
				TargetAttributes = {
					8C832E5021F17EBE002E99B2 = {
						CreatedOnToolsVersion = 10.1;
					};
					8C832E6421F17EBF002E99B2 = {
						CreatedOnToolsVersion = 10.1;
						TestTargetID = 8C832E5021F17EBE002E99B2;
					};
					8C832E6F21F17EBF002E99B2 = {
						CreatedOnToolsVersion = 10.1;
						TestTargetID = 8C832E5021F17EBE002E99B2;
					};
				};
			};
			buildConfigurationList = 8C832E4C21F17EBE002E99B2 /* Build configuration list for PBXProject "Zanizimo" */;
			compatibilityVersion = "Xcode 9.3";
			developmentRegion = en;
			hasScannedForEncodings = 0;
			knownRegions = (
				en,
				Base,
			);
			mainGroup = 8C832E4821F17EBE002E99B2;
			productRefGroup = 8C832E5221F17EBE002E99B2 /* Products */;
			projectDirPath = "";
			projectRoot = "";
			targets = (
				8C832E5021F17EBE002E99B2 /* Zanizimo */,
				8C832E6421F17EBF002E99B2 /* ZanizimoTests */,
				8C832E6F21F17EBF002E99B2 /* ZanizimoUITests */,
			);
		};
/* End PBXProject section */

/* Begin PBXResourcesBuildPhase section */
		8C832E4F21F17EBE002E99B2 /* Resources */ = {
			isa = PBXResourcesBuildPhase;
			buildActionMask = 2147483647;
			files = (
				8CC9FE0E21FEDCA700D4620C /* Slide.xib in Resources */,
				8C8562F321FD4D6C0077803E /* Launch Screen.storyboard in Resources */,
				8CC9FDEA21FEB40300D4620C /* Assets.xcassets in Resources */,
				8C8562F921FD54C90077803E /* ODHG1L1.png in Resources */,
				8CC9FDFC21FED9B100D4620C /* Main.storyboard in Resources */,
			);
			runOnlyForDeploymentPostprocessing = 0;
		};
		8C832E6321F17EBF002E99B2 /* Resources */ = {
			isa = PBXResourcesBuildPhase;
			buildActionMask = 2147483647;
			files = (
			);
			runOnlyForDeploymentPostprocessing = 0;
		};
		8C832E6E21F17EBF002E99B2 /* Resources */ = {
			isa = PBXResourcesBuildPhase;
			buildActionMask = 2147483647;
			files = (
			);
			runOnlyForDeploymentPostprocessing = 0;
		};
/* End PBXResourcesBuildPhase section */

/* Begin PBXSourcesBuildPhase section */
		8C832E4D21F17EBE002E99B2 /* Sources */ = {
			isa = PBXSourcesBuildPhase;
			buildActionMask = 2147483647;
			files = (
				8C832E8521F18334002E99B2 /* CalendarViewController.swift in Sources */,
				8CC9FE0C21FEDC8E00D4620C /* Slide.swift in Sources */,
				8C832E8921F18721002E99B2 /* TrophiesViewController.swift in Sources */,
				8C85631821FE4E050077803E /* TableSection.swift in Sources */,
				8C85630921FD664E0077803E /* DetailMenuview.swift in Sources */,
				8C85631521FE427C0077803E /* FoodValidator.swift in Sources */,
				8C55671021F5D73A0067AA50 /* MedalView.swift in Sources */,
				8C832E8721F18343002E99B2 /* TabTwoViewController.swift in Sources */,
				8CC9FE0A21FEDC5C00D4620C /* SlideModel.swift in Sources */,
				8CC9FDFE21FEDA1800D4620C /* OnboardingViewController.swift in Sources */,
				8C8562FE21FD61C50077803E /* UIImage+PixelBuffer.swift in Sources */,
				8CC9FE0021FEDB0100D4620C /* FormViewController.swift in Sources */,
				8C832E8321F18154002E99B2 /* ZanizimoTabBarController.swift in Sources */,
				8C85630521FD65380077803E /* ContentView.swift in Sources */,
				8C85631221FE3E360077803E /* String+CapitalizingFirstLetter.swift in Sources */,
				8C832E8B21F18752002E99B2 /* TabFourViewController.swift in Sources */,
				8C85630E21FD699B0077803E /* UIImageView+Rounded.swift in Sources */,
				8C832E5521F17EBE002E99B2 /* AppDelegate.swift in Sources */,
				8C85631021FD6AE60077803E /* DetailMenuViewController.swift in Sources */,
				8C85631A21FE55E60077803E /* Date+Helpers.swift in Sources */,
				8C85630C21FD66AB0077803E /* DetailMenuviewDelegate.swift in Sources */,
				8C85630721FD65C50077803E /* DayButton.swift in Sources */,
				8C85630321FD644D0077803E /* food.mlmodel in Sources */,
			);
			runOnlyForDeploymentPostprocessing = 0;
		};
		8C832E6121F17EBF002E99B2 /* Sources */ = {
			isa = PBXSourcesBuildPhase;
			buildActionMask = 2147483647;
			files = (
				8C832E6A21F17EBF002E99B2 /* ZanizimoTests.swift in Sources */,
			);
			runOnlyForDeploymentPostprocessing = 0;
		};
		8C832E6C21F17EBF002E99B2 /* Sources */ = {
			isa = PBXSourcesBuildPhase;
			buildActionMask = 2147483647;
			files = (
				8C832E7521F17EBF002E99B2 /* ZanizimoUITests.swift in Sources */,
			);
			runOnlyForDeploymentPostprocessing = 0;
		};
/* End PBXSourcesBuildPhase section */

/* Begin PBXTargetDependency section */
		8C832E6721F17EBF002E99B2 /* PBXTargetDependency */ = {
			isa = PBXTargetDependency;
			target = 8C832E5021F17EBE002E99B2 /* Zanizimo */;
			targetProxy = 8C832E6621F17EBF002E99B2 /* PBXContainerItemProxy */;
		};
		8C832E7221F17EBF002E99B2 /* PBXTargetDependency */ = {
			isa = PBXTargetDependency;
			target = 8C832E5021F17EBE002E99B2 /* Zanizimo */;
			targetProxy = 8C832E7121F17EBF002E99B2 /* PBXContainerItemProxy */;
		};
/* End PBXTargetDependency section */

/* Begin XCBuildConfiguration section */
		8C832E7721F17EBF002E99B2 /* Debug */ = {
			isa = XCBuildConfiguration;
			buildSettings = {
				ALWAYS_SEARCH_USER_PATHS = NO;
				CLANG_ANALYZER_NONNULL = YES;
				CLANG_ANALYZER_NUMBER_OBJECT_CONVERSION = YES_AGGRESSIVE;
				CLANG_CXX_LANGUAGE_STANDARD = "gnu++14";
				CLANG_CXX_LIBRARY = "libc++";
				CLANG_ENABLE_MODULES = YES;
				CLANG_ENABLE_OBJC_ARC = YES;
				CLANG_ENABLE_OBJC_WEAK = YES;
				CLANG_WARN_BLOCK_CAPTURE_AUTORELEASING = YES;
				CLANG_WARN_BOOL_CONVERSION = YES;
				CLANG_WARN_COMMA = YES;
				CLANG_WARN_CONSTANT_CONVERSION = YES;
				CLANG_WARN_DEPRECATED_OBJC_IMPLEMENTATIONS = YES;
				CLANG_WARN_DIRECT_OBJC_ISA_USAGE = YES_ERROR;
				CLANG_WARN_DOCUMENTATION_COMMENTS = YES;
				CLANG_WARN_EMPTY_BODY = YES;
				CLANG_WARN_ENUM_CONVERSION = YES;
				CLANG_WARN_INFINITE_RECURSION = YES;
				CLANG_WARN_INT_CONVERSION = YES;
				CLANG_WARN_NON_LITERAL_NULL_CONVERSION = YES;
				CLANG_WARN_OBJC_IMPLICIT_RETAIN_SELF = YES;
				CLANG_WARN_OBJC_LITERAL_CONVERSION = YES;
				CLANG_WARN_OBJC_ROOT_CLASS = YES_ERROR;
				CLANG_WARN_RANGE_LOOP_ANALYSIS = YES;
				CLANG_WARN_STRICT_PROTOTYPES = YES;
				CLANG_WARN_SUSPICIOUS_MOVE = YES;
				CLANG_WARN_UNGUARDED_AVAILABILITY = YES_AGGRESSIVE;
				CLANG_WARN_UNREACHABLE_CODE = YES;
				CLANG_WARN__DUPLICATE_METHOD_MATCH = YES;
				CODE_SIGN_IDENTITY = "iPhone Developer";
				COPY_PHASE_STRIP = NO;
				DEBUG_INFORMATION_FORMAT = dwarf;
				ENABLE_STRICT_OBJC_MSGSEND = YES;
				ENABLE_TESTABILITY = YES;
				GCC_C_LANGUAGE_STANDARD = gnu11;
				GCC_DYNAMIC_NO_PIC = NO;
				GCC_NO_COMMON_BLOCKS = YES;
				GCC_OPTIMIZATION_LEVEL = 0;
				GCC_PREPROCESSOR_DEFINITIONS = (
					"DEBUG=1",
					"$(inherited)",
				);
				GCC_WARN_64_TO_32_BIT_CONVERSION = YES;
				GCC_WARN_ABOUT_RETURN_TYPE = YES_ERROR;
				GCC_WARN_UNDECLARED_SELECTOR = YES;
				GCC_WARN_UNINITIALIZED_AUTOS = YES_AGGRESSIVE;
				GCC_WARN_UNUSED_FUNCTION = YES;
				GCC_WARN_UNUSED_VARIABLE = YES;
				IPHONEOS_DEPLOYMENT_TARGET = 12.1;
				MTL_ENABLE_DEBUG_INFO = INCLUDE_SOURCE;
				MTL_FAST_MATH = YES;
				ONLY_ACTIVE_ARCH = YES;
				SDKROOT = iphoneos;
				SWIFT_ACTIVE_COMPILATION_CONDITIONS = DEBUG;
				SWIFT_OPTIMIZATION_LEVEL = "-Onone";
			};
			name = Debug;
		};
		8C832E7821F17EBF002E99B2 /* Release */ = {
			isa = XCBuildConfiguration;
			buildSettings = {
				ALWAYS_SEARCH_USER_PATHS = NO;
				CLANG_ANALYZER_NONNULL = YES;
				CLANG_ANALYZER_NUMBER_OBJECT_CONVERSION = YES_AGGRESSIVE;
				CLANG_CXX_LANGUAGE_STANDARD = "gnu++14";
				CLANG_CXX_LIBRARY = "libc++";
				CLANG_ENABLE_MODULES = YES;
				CLANG_ENABLE_OBJC_ARC = YES;
				CLANG_ENABLE_OBJC_WEAK = YES;
				CLANG_WARN_BLOCK_CAPTURE_AUTORELEASING = YES;
				CLANG_WARN_BOOL_CONVERSION = YES;
				CLANG_WARN_COMMA = YES;
				CLANG_WARN_CONSTANT_CONVERSION = YES;
				CLANG_WARN_DEPRECATED_OBJC_IMPLEMENTATIONS = YES;
				CLANG_WARN_DIRECT_OBJC_ISA_USAGE = YES_ERROR;
				CLANG_WARN_DOCUMENTATION_COMMENTS = YES;
				CLANG_WARN_EMPTY_BODY = YES;
				CLANG_WARN_ENUM_CONVERSION = YES;
				CLANG_WARN_INFINITE_RECURSION = YES;
				CLANG_WARN_INT_CONVERSION = YES;
				CLANG_WARN_NON_LITERAL_NULL_CONVERSION = YES;
				CLANG_WARN_OBJC_IMPLICIT_RETAIN_SELF = YES;
				CLANG_WARN_OBJC_LITERAL_CONVERSION = YES;
				CLANG_WARN_OBJC_ROOT_CLASS = YES_ERROR;
				CLANG_WARN_RANGE_LOOP_ANALYSIS = YES;
				CLANG_WARN_STRICT_PROTOTYPES = YES;
				CLANG_WARN_SUSPICIOUS_MOVE = YES;
				CLANG_WARN_UNGUARDED_AVAILABILITY = YES_AGGRESSIVE;
				CLANG_WARN_UNREACHABLE_CODE = YES;
				CLANG_WARN__DUPLICATE_METHOD_MATCH = YES;
				CODE_SIGN_IDENTITY = "iPhone Developer";
				COPY_PHASE_STRIP = NO;
				DEBUG_INFORMATION_FORMAT = "dwarf-with-dsym";
				ENABLE_NS_ASSERTIONS = NO;
				ENABLE_STRICT_OBJC_MSGSEND = YES;
				GCC_C_LANGUAGE_STANDARD = gnu11;
				GCC_NO_COMMON_BLOCKS = YES;
				GCC_WARN_64_TO_32_BIT_CONVERSION = YES;
				GCC_WARN_ABOUT_RETURN_TYPE = YES_ERROR;
				GCC_WARN_UNDECLARED_SELECTOR = YES;
				GCC_WARN_UNINITIALIZED_AUTOS = YES_AGGRESSIVE;
				GCC_WARN_UNUSED_FUNCTION = YES;
				GCC_WARN_UNUSED_VARIABLE = YES;
				IPHONEOS_DEPLOYMENT_TARGET = 12.1;
				MTL_ENABLE_DEBUG_INFO = NO;
				MTL_FAST_MATH = YES;
				SDKROOT = iphoneos;
				SWIFT_COMPILATION_MODE = wholemodule;
				SWIFT_OPTIMIZATION_LEVEL = "-O";
				VALIDATE_PRODUCT = YES;
			};
			name = Release;
		};
		8C832E7A21F17EBF002E99B2 /* Debug */ = {
			isa = XCBuildConfiguration;
			buildSettings = {
				ASSETCATALOG_COMPILER_APPICON_NAME = AppIcon;
				CODE_SIGN_STYLE = Automatic;
				DEVELOPMENT_TEAM = 4HHL8R74H5;
				INFOPLIST_FILE = Zanizimo/Info.plist;
				LD_RUNPATH_SEARCH_PATHS = (
					"$(inherited)",
					"@executable_path/Frameworks",
				);
				PRODUCT_BUNDLE_IDENTIFIER = com.mx.rictar.Zanizimo;
				PRODUCT_NAME = "$(TARGET_NAME)";
				SWIFT_VERSION = 4.2;
				TARGETED_DEVICE_FAMILY = 1;
			};
			name = Debug;
		};
		8C832E7B21F17EBF002E99B2 /* Release */ = {
			isa = XCBuildConfiguration;
			buildSettings = {
				ASSETCATALOG_COMPILER_APPICON_NAME = AppIcon;
				CODE_SIGN_STYLE = Automatic;
				DEVELOPMENT_TEAM = 4HHL8R74H5;
				INFOPLIST_FILE = Zanizimo/Info.plist;
				LD_RUNPATH_SEARCH_PATHS = (
					"$(inherited)",
					"@executable_path/Frameworks",
				);
				PRODUCT_BUNDLE_IDENTIFIER = com.mx.rictar.Zanizimo;
				PRODUCT_NAME = "$(TARGET_NAME)";
				SWIFT_VERSION = 4.2;
				TARGETED_DEVICE_FAMILY = 1;
			};
			name = Release;
		};
		8C832E7D21F17EBF002E99B2 /* Debug */ = {
			isa = XCBuildConfiguration;
			buildSettings = {
				ALWAYS_EMBED_SWIFT_STANDARD_LIBRARIES = YES;
				BUNDLE_LOADER = "$(TEST_HOST)";
				CODE_SIGN_STYLE = Automatic;
				DEVELOPMENT_TEAM = 4HHL8R74H5;
				INFOPLIST_FILE = ZanizimoTests/Info.plist;
				LD_RUNPATH_SEARCH_PATHS = (
					"$(inherited)",
					"@executable_path/Frameworks",
					"@loader_path/Frameworks",
				);
				PRODUCT_BUNDLE_IDENTIFIER = com.mx.rictar.ZanizimoTests;
				PRODUCT_NAME = "$(TARGET_NAME)";
				SWIFT_VERSION = 4.2;
				TARGETED_DEVICE_FAMILY = "1,2";
				TEST_HOST = "$(BUILT_PRODUCTS_DIR)/Zanizimo.app/Zanizimo";
			};
			name = Debug;
		};
		8C832E7E21F17EBF002E99B2 /* Release */ = {
			isa = XCBuildConfiguration;
			buildSettings = {
				ALWAYS_EMBED_SWIFT_STANDARD_LIBRARIES = YES;
				BUNDLE_LOADER = "$(TEST_HOST)";
				CODE_SIGN_STYLE = Automatic;
				DEVELOPMENT_TEAM = 4HHL8R74H5;
				INFOPLIST_FILE = ZanizimoTests/Info.plist;
				LD_RUNPATH_SEARCH_PATHS = (
					"$(inherited)",
					"@executable_path/Frameworks",
					"@loader_path/Frameworks",
				);
				PRODUCT_BUNDLE_IDENTIFIER = com.mx.rictar.ZanizimoTests;
				PRODUCT_NAME = "$(TARGET_NAME)";
				SWIFT_VERSION = 4.2;
				TARGETED_DEVICE_FAMILY = "1,2";
				TEST_HOST = "$(BUILT_PRODUCTS_DIR)/Zanizimo.app/Zanizimo";
			};
			name = Release;
		};
		8C832E8021F17EBF002E99B2 /* Debug */ = {
			isa = XCBuildConfiguration;
			buildSettings = {
				ALWAYS_EMBED_SWIFT_STANDARD_LIBRARIES = YES;
				CODE_SIGN_STYLE = Automatic;
				DEVELOPMENT_TEAM = 4HHL8R74H5;
				INFOPLIST_FILE = ZanizimoUITests/Info.plist;
				LD_RUNPATH_SEARCH_PATHS = (
					"$(inherited)",
					"@executable_path/Frameworks",
					"@loader_path/Frameworks",
				);
				PRODUCT_BUNDLE_IDENTIFIER = com.mx.rictar.ZanizimoUITests;
				PRODUCT_NAME = "$(TARGET_NAME)";
				SWIFT_VERSION = 4.2;
				TARGETED_DEVICE_FAMILY = "1,2";
				TEST_TARGET_NAME = Zanizimo;
			};
			name = Debug;
		};
		8C832E8121F17EBF002E99B2 /* Release */ = {
			isa = XCBuildConfiguration;
			buildSettings = {
				ALWAYS_EMBED_SWIFT_STANDARD_LIBRARIES = YES;
				CODE_SIGN_STYLE = Automatic;
				DEVELOPMENT_TEAM = 4HHL8R74H5;
				INFOPLIST_FILE = ZanizimoUITests/Info.plist;
				LD_RUNPATH_SEARCH_PATHS = (
					"$(inherited)",
					"@executable_path/Frameworks",
					"@loader_path/Frameworks",
				);
				PRODUCT_BUNDLE_IDENTIFIER = com.mx.rictar.ZanizimoUITests;
				PRODUCT_NAME = "$(TARGET_NAME)";
				SWIFT_VERSION = 4.2;
				TARGETED_DEVICE_FAMILY = "1,2";
				TEST_TARGET_NAME = Zanizimo;
			};
			name = Release;
		};
/* End XCBuildConfiguration section */

/* Begin XCConfigurationList section */
		8C832E4C21F17EBE002E99B2 /* Build configuration list for PBXProject "Zanizimo" */ = {
			isa = XCConfigurationList;
			buildConfigurations = (
				8C832E7721F17EBF002E99B2 /* Debug */,
				8C832E7821F17EBF002E99B2 /* Release */,
			);
			defaultConfigurationIsVisible = 0;
			defaultConfigurationName = Release;
		};
		8C832E7921F17EBF002E99B2 /* Build configuration list for PBXNativeTarget "Zanizimo" */ = {
			isa = XCConfigurationList;
			buildConfigurations = (
				8C832E7A21F17EBF002E99B2 /* Debug */,
				8C832E7B21F17EBF002E99B2 /* Release */,
			);
			defaultConfigurationIsVisible = 0;
			defaultConfigurationName = Release;
		};
		8C832E7C21F17EBF002E99B2 /* Build configuration list for PBXNativeTarget "ZanizimoTests" */ = {
			isa = XCConfigurationList;
			buildConfigurations = (
				8C832E7D21F17EBF002E99B2 /* Debug */,
				8C832E7E21F17EBF002E99B2 /* Release */,
			);
			defaultConfigurationIsVisible = 0;
			defaultConfigurationName = Release;
		};
		8C832E7F21F17EBF002E99B2 /* Build configuration list for PBXNativeTarget "ZanizimoUITests" */ = {
			isa = XCConfigurationList;
			buildConfigurations = (
				8C832E8021F17EBF002E99B2 /* Debug */,
				8C832E8121F17EBF002E99B2 /* Release */,
			);
			defaultConfigurationIsVisible = 0;
			defaultConfigurationName = Release;
		};
/* End XCConfigurationList section */
	};
	rootObject = 8C832E4921F17EBE002E99B2 /* Project object */;
}
